
Microsoft Visual Studio Solution File, Format Version 12.00
# Visual Studio Version 16
VisualStudioVersion = 16.0.32002.261
MinimumVisualStudioVersion = 10.0.40219.1
Project("{FAE04EC0-301F-11D3-BF4B-00C04F79EFBC}") = "Hangfire.Demo", "Hangfire.Demo\Hangfire.Demo.csproj", "{18E78D6A-6B2C-434C-B4E7-495C3275E517}"
EndProject
Global
	GlobalSection(SolutionConfigurationPlatforms) = preSolution
		Debug|Any CPU = Debug|Any CPU
		Release|Any CPU = Release|Any CPU
	EndGlobalSection
	GlobalSection(ProjectConfigurationPlatforms) = postSolution
		{18E78D6A-6B2C-434C-B4E7-495C3275E517}.Debug|Any CPU.ActiveCfg = Debug|Any CPU
		{18E78D6A-6B2C-434C-B4E7-495C3275E517}.Debug|Any CPU.Build.0 = Debug|Any CPU
		{18E78D6A-6B2C-434C-B4E7-495C3275E517}.Release|Any CPU.ActiveCfg = Release|Any CPU
		{18E78D6A-6B2C-434C-B4E7-495C3275E517}.Release|Any CPU.Build.0 = Release|Any CPU
	EndGlobalSection
	GlobalSection(SolutionProperties) = preSolution
		HideSolutionNode = FALSE
	EndGlobalSection
	GlobalSection(ExtensibilityGlobals) = postSolution
		SolutionGuid = {C45B314A-109B-412F-8421-3ED0C6C50C79}
	EndGlobalSection
EndGlobal
